
Microsoft Visual Studio Solution File, Format Version 12.00
# Visual Studio Version 17
VisualStudioVersion = 17.6.33712.159
MinimumVisualStudioVersion = 10.0.40219.1
Project("{FAE04EC0-301F-11D3-BF4B-00C04F79EFBC}") = "Blog_Entity_Framework", "Blog_Entity_Framework.csproj", "{7B92AEDD-E1CB-4660-9623-347B19E34938}"
EndProject
Global
	GlobalSection(SolutionConfigurationPlatforms) = preSolution
		Debug|Any CPU = Debug|Any CPU
		Release|Any CPU = Release|Any CPU
	EndGlobalSection
	GlobalSection(ProjectConfigurationPlatforms) = postSolution
		{7B92AEDD-E1CB-4660-9623-347B19E34938}.Debug|Any CPU.ActiveCfg = Debug|Any CPU
		{7B92AEDD-E1CB-4660-9623-347B19E34938}.Debug|Any CPU.Build.0 = Debug|Any CPU
		{7B92AEDD-E1CB-4660-9623-347B19E34938}.Release|Any CPU.ActiveCfg = Release|Any CPU
		{7B92AEDD-E1CB-4660-9623-347B19E34938}.Release|Any CPU.Build.0 = Release|Any CPU
	EndGlobalSection
	GlobalSection(SolutionProperties) = preSolution
		HideSolutionNode = FALSE
	EndGlobalSection
	GlobalSection(ExtensibilityGlobals) = postSolution
		SolutionGuid = {12A2A494-9BC1-4547-9DED-5633D11CC854}
	EndGlobalSection
EndGlobal
